
Microsoft Visual Studio Solution File, Format Version 12.00
# Visual Studio Version 16
VisualStudioVersion = 16.0.31019.35
MinimumVisualStudioVersion = 10.0.40219.1
Project("{FAE04EC0-301F-11D3-BF4B-00C04F79EFBC}") = "UC2_LadderSnake", "UC2_LadderSnake\UC2_LadderSnake.csproj", "{B37E2D16-ECC5-4E53-A0D4-3FE566385A6E}"
EndProject
Project("{FAE04EC0-301F-11D3-BF4B-00C04F79EFBC}") = "UC2_LadderSnake2", "UC2_LadderSnake2\UC2_LadderSnake2.csproj", "{A9E9B5A4-CB5E-445A-B7CA-632DAD62B89E}"
EndProject
Project("{FAE04EC0-301F-11D3-BF4B-00C04F79EFBC}") = "UC4_toReach100", "UC4_toReach100\UC4_toReach100.csproj", "{C9CC97BA-66E2-471A-B225-EBB927AEE258}"
EndProject
Project("{FAE04EC0-301F-11D3-BF4B-00C04F79EFBC}") = "UC5_Exact100", "UC5_Exact100\UC5_Exact100.csproj", "{0B8E5D0F-C732-43E0-A93B-BAAA268F3267}"
EndProject
Project("{FAE04EC0-301F-11D3-BF4B-00C04F79EFBC}") = "UC6_postion", "UC6_postion\UC6_postion.csproj", "{5552D847-4F37-4ED9-B2BA-7F6A39DF921A}"
EndProject
Project("{FAE04EC0-301F-11D3-BF4B-00C04F79EFBC}") = "UC7_PlayWithTwoPlayer", "UC7_PlayWithTwoPlayer\UC7_PlayWithTwoPlayer.csproj", "{54D4D1B3-832E-4594-BAA2-F846C040D430}"
EndProject
Global
	GlobalSection(SolutionConfigurationPlatforms) = preSolution
		Debug|Any CPU = Debug|Any CPU
		Release|Any CPU = Release|Any CPU
	EndGlobalSection
	GlobalSection(ProjectConfigurationPlatforms) = postSolution
		{B37E2D16-ECC5-4E53-A0D4-3FE566385A6E}.Debug|Any CPU.ActiveCfg = Debug|Any CPU
		{B37E2D16-ECC5-4E53-A0D4-3FE566385A6E}.Debug|Any CPU.Build.0 = Debug|Any CPU
		{B37E2D16-ECC5-4E53-A0D4-3FE566385A6E}.Release|Any CPU.ActiveCfg = Release|Any CPU
		{B37E2D16-ECC5-4E53-A0D4-3FE566385A6E}.Release|Any CPU.Build.0 = Release|Any CPU
		{A9E9B5A4-CB5E-445A-B7CA-632DAD62B89E}.Debug|Any CPU.ActiveCfg = Debug|Any CPU
		{A9E9B5A4-CB5E-445A-B7CA-632DAD62B89E}.Debug|Any CPU.Build.0 = Debug|Any CPU
		{A9E9B5A4-CB5E-445A-B7CA-632DAD62B89E}.Release|Any CPU.ActiveCfg = Release|Any CPU
		{A9E9B5A4-CB5E-445A-B7CA-632DAD62B89E}.Release|Any CPU.Build.0 = Release|Any CPU
		{C9CC97BA-66E2-471A-B225-EBB927AEE258}.Debug|Any CPU.ActiveCfg = Debug|Any CPU
		{C9CC97BA-66E2-471A-B225-EBB927AEE258}.Debug|Any CPU.Build.0 = Debug|Any CPU
		{C9CC97BA-66E2-471A-B225-EBB927AEE258}.Release|Any CPU.ActiveCfg = Release|Any CPU
		{C9CC97BA-66E2-471A-B225-EBB927AEE258}.Release|Any CPU.Build.0 = Release|Any CPU
		{0B8E5D0F-C732-43E0-A93B-BAAA268F3267}.Debug|Any CPU.ActiveCfg = Debug|Any CPU
		{0B8E5D0F-C732-43E0-A93B-BAAA268F3267}.Debug|Any CPU.Build.0 = Debug|Any CPU
		{0B8E5D0F-C732-43E0-A93B-BAAA268F3267}.Release|Any CPU.ActiveCfg = Release|Any CPU
		{0B8E5D0F-C732-43E0-A93B-BAAA268F3267}.Release|Any CPU.Build.0 = Release|Any CPU
		{5552D847-4F37-4ED9-B2BA-7F6A39DF921A}.Debug|Any CPU.ActiveCfg = Debug|Any CPU
		{5552D847-4F37-4ED9-B2BA-7F6A39DF921A}.Debug|Any CPU.Build.0 = Debug|Any CPU
		{5552D847-4F37-4ED9-B2BA-7F6A39DF921A}.Release|Any CPU.ActiveCfg = Release|Any CPU
		{5552D847-4F37-4ED9-B2BA-7F6A39DF921A}.Release|Any CPU.Build.0 = Release|Any CPU
		{54D4D1B3-832E-4594-BAA2-F846C040D430}.Debug|Any CPU.ActiveCfg = Debug|Any CPU
		{54D4D1B3-832E-4594-BAA2-F846C040D430}.Debug|Any CPU.Build.0 = Debug|Any CPU
		{54D4D1B3-832E-4594-BAA2-F846C040D430}.Release|Any CPU.ActiveCfg = Release|Any CPU
		{54D4D1B3-832E-4594-BAA2-F846C040D430}.Release|Any CPU.Build.0 = Release|Any CPU
	EndGlobalSection
	GlobalSection(SolutionProperties) = preSolution
		HideSolutionNode = FALSE
	EndGlobalSection
	GlobalSection(ExtensibilityGlobals) = postSolution
		SolutionGuid = {5EC4D3BF-20B1-48A7-87DF-408DE4C6D142}
	EndGlobalSection
EndGlobal
